
Microsoft Visual Studio Solution File, Format Version 12.00
# Visual Studio Version 16
VisualStudioVersion = 16.0.33130.400
MinimumVisualStudioVersion = 10.0.40219.1
Project("{FAE04EC0-301F-11D3-BF4B-00C04F79EFBC}") = "GenericsBasics", "GenericsBasics\GenericsBasics.csproj", "{A1E127FE-5E7C-4D2F-AD98-D627BB58BD6A}"
EndProject
Global
	GlobalSection(SolutionConfigurationPlatforms) = preSolution
		Debug|Any CPU = Debug|Any CPU
		Release|Any CPU = Release|Any CPU
	EndGlobalSection
	GlobalSection(ProjectConfigurationPlatforms) = postSolution
		{A1E127FE-5E7C-4D2F-AD98-D627BB58BD6A}.Debug|Any CPU.ActiveCfg = Debug|Any CPU
		{A1E127FE-5E7C-4D2F-AD98-D627BB58BD6A}.Debug|Any CPU.Build.0 = Debug|Any CPU
		{A1E127FE-5E7C-4D2F-AD98-D627BB58BD6A}.Release|Any CPU.ActiveCfg = Release|Any CPU
		{A1E127FE-5E7C-4D2F-AD98-D627BB58BD6A}.Release|Any CPU.Build.0 = Release|Any CPU
	EndGlobalSection
	GlobalSection(SolutionProperties) = preSolution
		HideSolutionNode = FALSE
	EndGlobalSection
	GlobalSection(ExtensibilityGlobals) = postSolution
		SolutionGuid = {45197C25-08F2-4C74-A7C6-FB242AB28122}
	EndGlobalSection
EndGlobal
